# This file is autogenerated, do not edit; changes may be undone by the next 'dep ensure'.


[[projects]]
  branch = "master"
  digest = "1:e875a94349b121ca6fa86bd72f7593f7f0e6f0d07a7d664f31fc000d80eaeec3"
  name = "github.com/bitrise-io/go-steputils"
  packages = [
    "stepconf",
    "tools",
  ]
  pruneopts = "UT"
  revision = "cecc766da84859e37e780d9d1c416f0f3993e6b1"

[[projects]]
  branch = "master"
  digest = "1:540197e862f6636ae91ab877d55ac9c44d3b147c407a5db134d3cbb5f8178c1e"
  name = "github.com/bitrise-io/go-utils"
  packages = [
    "colorstring",
    "command",
    "errorutil",
    "log",
    "parseutil",
    "pathutil",
    "pointers",
  ]
  pruneopts = "UT"
  revision = "2a09aab8380d7842750328aebd5671bcccea89c8"

[[projects]]
  digest = "1:a63cff6b5d8b95638bfe300385d93b2a6d9d687734b863da8e09dc834510a690"
  name = "github.com/google/go-querystring"
  packages = ["query"]
  pruneopts = "UT"
  revision = "44c6ddd0a2342c386950e880b658017258da92fc"
  version = "v1.0.0"

[[projects]]
  digest = "1:cf31692c14422fa27c83a05292eb5cbe0fb2775972e8f1f8446a71549bd8980b"
  name = "github.com/pkg/errors"
  packages = ["."]
  pruneopts = "UT"
  revision = "ba968bfe8b2f7e042a574c888954fccecfa385b4"
  version = "v0.8.1"

[solve-meta]
  analyzer-name = "dep"
  analyzer-version = 1
  input-imports = [
    "github.com/bitrise-io/go-steputils/stepconf",
    "github.com/bitrise-io/go-steputils/tools",
    "github.com/bitrise-io/go-utils/log",
    "github.com/google/go-querystring/query",
    "github.com/pkg/errors",
  ]
  solver-name = "gps-cdcl"
  solver-version = 1
